
Microsoft Visual Studio Solution File, Format Version 12.00
# Visual Studio Version 16
VisualStudioVersion = 16.0.30114.105
MinimumVisualStudioVersion = 10.0.40219.1
Project("{FAE04EC0-301F-11D3-BF4B-00C04F79EFBC}") = "GltfExperiments.Forms", "..\GltfExperiments.Forms\GltfExperiments.Forms.csproj", "{9BDEEC9F-CA74-4081-B547-A88CC1CEC86F}"
EndProject
Project("{2150E333-8FDC-42A3-9474-1A3956D46DE8}") = "docs", "docs", "{8686E599-8BEA-41B8-AB8B-E48E2BB6F792}"
	ProjectSection(SolutionItems) = preProject
		..\README.md = ..\README.md
	EndProjectSection
EndProject
Global
	GlobalSection(SolutionConfigurationPlatforms) = preSolution
		Debug|Any CPU = Debug|Any CPU
		Release|Any CPU = Release|Any CPU
	EndGlobalSection
	GlobalSection(ProjectConfigurationPlatforms) = postSolution
		{9BDEEC9F-CA74-4081-B547-A88CC1CEC86F}.Debug|Any CPU.ActiveCfg = Debug|Any CPU
		{9BDEEC9F-CA74-4081-B547-A88CC1CEC86F}.Debug|Any CPU.Build.0 = Debug|Any CPU
		{9BDEEC9F-CA74-4081-B547-A88CC1CEC86F}.Release|Any CPU.ActiveCfg = Release|Any CPU
		{9BDEEC9F-CA74-4081-B547-A88CC1CEC86F}.Release|Any CPU.Build.0 = Release|Any CPU
	EndGlobalSection
	GlobalSection(SolutionProperties) = preSolution
		HideSolutionNode = FALSE
	EndGlobalSection
	GlobalSection(ExtensibilityGlobals) = postSolution
		SolutionGuid = {371D5ED2-4AFE-4006-ABFC-7F5AC61503AE}
	EndGlobalSection
EndGlobal
